
Microsoft Visual Studio Solution File, Format Version 12.00
# Visual Studio Version 17
VisualStudioVersion = 17.3.32819.101
MinimumVisualStudioVersion = 10.0.40219.1
Project("{FAE04EC0-301F-11D3-BF4B-00C04F79EFBC}") = "aula.Ado.net", "aula.Ado.net.csproj", "{3D9C6750-7759-4731-9FB3-9CDD4FE15FBF}"
EndProject
Global
	GlobalSection(SolutionConfigurationPlatforms) = preSolution
		Debug|Any CPU = Debug|Any CPU
		Release|Any CPU = Release|Any CPU
	EndGlobalSection
	GlobalSection(ProjectConfigurationPlatforms) = postSolution
		{3D9C6750-7759-4731-9FB3-9CDD4FE15FBF}.Debug|Any CPU.ActiveCfg = Debug|Any CPU
		{3D9C6750-7759-4731-9FB3-9CDD4FE15FBF}.Debug|Any CPU.Build.0 = Debug|Any CPU
		{3D9C6750-7759-4731-9FB3-9CDD4FE15FBF}.Release|Any CPU.ActiveCfg = Release|Any CPU
		{3D9C6750-7759-4731-9FB3-9CDD4FE15FBF}.Release|Any CPU.Build.0 = Release|Any CPU
	EndGlobalSection
	GlobalSection(SolutionProperties) = preSolution
		HideSolutionNode = FALSE
	EndGlobalSection
	GlobalSection(ExtensibilityGlobals) = postSolution
		SolutionGuid = {032AFBA1-4FB5-4ED4-9A1C-F319EF55934E}
	EndGlobalSection
EndGlobal
