
Microsoft Visual Studio Solution File, Format Version 12.00
# Visual Studio Version 17
VisualStudioVersion = 17.3.32819.101
MinimumVisualStudioVersion = 10.0.40219.1
Project("{FAE04EC0-301F-11D3-BF4B-00C04F79EFBC}") = "Colecoes", "Colecoes.csproj", "{8910E55E-4AD7-462C-AEB5-B5777A12E6D3}"
EndProject
Project("{2150E333-8FDC-42A3-9474-1A3956D46DE8}") = "Itens de Solução", "Itens de Solução", "{830916D4-7FF7-4FEA-8DF6-0ED12715E5C2}"
	ProjectSection(SolutionItems) = preProject
		Pessoa.cs = Pessoa.cs
	EndProjectSection
EndProject
Global
	GlobalSection(SolutionConfigurationPlatforms) = preSolution
		Debug|Any CPU = Debug|Any CPU
		Release|Any CPU = Release|Any CPU
	EndGlobalSection
	GlobalSection(ProjectConfigurationPlatforms) = postSolution
		{8910E55E-4AD7-462C-AEB5-B5777A12E6D3}.Debug|Any CPU.ActiveCfg = Debug|Any CPU
		{8910E55E-4AD7-462C-AEB5-B5777A12E6D3}.Debug|Any CPU.Build.0 = Debug|Any CPU
		{8910E55E-4AD7-462C-AEB5-B5777A12E6D3}.Release|Any CPU.ActiveCfg = Release|Any CPU
		{8910E55E-4AD7-462C-AEB5-B5777A12E6D3}.Release|Any CPU.Build.0 = Release|Any CPU
	EndGlobalSection
	GlobalSection(SolutionProperties) = preSolution
		HideSolutionNode = FALSE
	EndGlobalSection
	GlobalSection(ExtensibilityGlobals) = postSolution
		SolutionGuid = {3FDDB7CC-E466-4477-8178-768A95783D00}
	EndGlobalSection
EndGlobal
