
Microsoft Visual Studio Solution File, Format Version 12.00
# Visual Studio Version 17
VisualStudioVersion = 17.3.32819.101
MinimumVisualStudioVersion = 10.0.40219.1
Project("{FAE04EC0-301F-11D3-BF4B-00C04F79EFBC}") = "8_exercicios_oo_lista_dicionario.txt", "8_exercicios_oo_lista_dicionario.txt.csproj", "{7637B988-4750-46F6-9F4D-75A1305594CD}"
EndProject
Global
	GlobalSection(SolutionConfigurationPlatforms) = preSolution
		Debug|Any CPU = Debug|Any CPU
		Release|Any CPU = Release|Any CPU
	EndGlobalSection
	GlobalSection(ProjectConfigurationPlatforms) = postSolution
		{7637B988-4750-46F6-9F4D-75A1305594CD}.Debug|Any CPU.ActiveCfg = Debug|Any CPU
		{7637B988-4750-46F6-9F4D-75A1305594CD}.Debug|Any CPU.Build.0 = Debug|Any CPU
		{7637B988-4750-46F6-9F4D-75A1305594CD}.Release|Any CPU.ActiveCfg = Release|Any CPU
		{7637B988-4750-46F6-9F4D-75A1305594CD}.Release|Any CPU.Build.0 = Release|Any CPU
	EndGlobalSection
	GlobalSection(SolutionProperties) = preSolution
		HideSolutionNode = FALSE
	EndGlobalSection
	GlobalSection(ExtensibilityGlobals) = postSolution
		SolutionGuid = {DBF96293-75AF-4D62-8C89-E779B12EEBC3}
	EndGlobalSection
EndGlobal
