
Microsoft Visual Studio Solution File, Format Version 12.00
# Visual Studio Version 17
VisualStudioVersion = 17.3.32819.101
MinimumVisualStudioVersion = 10.0.40219.1
Project("{FAE04EC0-301F-11D3-BF4B-00C04F79EFBC}") = "Atividade09 - arquivos", "Atividade09 - arquivos.csproj", "{10778DC1-D9C9-40DF-8468-18F5AC28D491}"
EndProject
Global
	GlobalSection(SolutionConfigurationPlatforms) = preSolution
		Debug|Any CPU = Debug|Any CPU
		Release|Any CPU = Release|Any CPU
	EndGlobalSection
	GlobalSection(ProjectConfigurationPlatforms) = postSolution
		{10778DC1-D9C9-40DF-8468-18F5AC28D491}.Debug|Any CPU.ActiveCfg = Debug|Any CPU
		{10778DC1-D9C9-40DF-8468-18F5AC28D491}.Debug|Any CPU.Build.0 = Debug|Any CPU
		{10778DC1-D9C9-40DF-8468-18F5AC28D491}.Release|Any CPU.ActiveCfg = Release|Any CPU
		{10778DC1-D9C9-40DF-8468-18F5AC28D491}.Release|Any CPU.Build.0 = Release|Any CPU
	EndGlobalSection
	GlobalSection(SolutionProperties) = preSolution
		HideSolutionNode = FALSE
	EndGlobalSection
	GlobalSection(ExtensibilityGlobals) = postSolution
		SolutionGuid = {E3DCE207-D453-4425-8265-2FA0CFFBFE8E}
	EndGlobalSection
EndGlobal
