
Microsoft Visual Studio Solution File, Format Version 12.00
# Visual Studio Version 17
VisualStudioVersion = 17.3.32819.101
MinimumVisualStudioVersion = 10.0.40219.1
Project("{FAE04EC0-301F-11D3-BF4B-00C04F79EFBC}") = "manupulandoArquivos", "manupulandoArquivos.csproj", "{11DCCB4D-0F61-4B4F-994D-96F79B927857}"
EndProject
Global
	GlobalSection(SolutionConfigurationPlatforms) = preSolution
		Debug|Any CPU = Debug|Any CPU
		Release|Any CPU = Release|Any CPU
	EndGlobalSection
	GlobalSection(ProjectConfigurationPlatforms) = postSolution
		{11DCCB4D-0F61-4B4F-994D-96F79B927857}.Debug|Any CPU.ActiveCfg = Debug|Any CPU
		{11DCCB4D-0F61-4B4F-994D-96F79B927857}.Debug|Any CPU.Build.0 = Debug|Any CPU
		{11DCCB4D-0F61-4B4F-994D-96F79B927857}.Release|Any CPU.ActiveCfg = Release|Any CPU
		{11DCCB4D-0F61-4B4F-994D-96F79B927857}.Release|Any CPU.Build.0 = Release|Any CPU
	EndGlobalSection
	GlobalSection(SolutionProperties) = preSolution
		HideSolutionNode = FALSE
	EndGlobalSection
	GlobalSection(ExtensibilityGlobals) = postSolution
		SolutionGuid = {EB3CA0F7-1115-467A-AF93-36A722389D79}
	EndGlobalSection
EndGlobal
