
Microsoft Visual Studio Solution File, Format Version 12.00
# Visual Studio Version 17
VisualStudioVersion = 17.3.32819.101
MinimumVisualStudioVersion = 10.0.40219.1
Project("{FAE04EC0-301F-11D3-BF4B-00C04F79EFBC}") = "intertest", "intertest.csproj", "{3192E7D8-F4D4-499B-A09A-3EC6F66E8DD7}"
EndProject
Global
	GlobalSection(SolutionConfigurationPlatforms) = preSolution
		Debug|Any CPU = Debug|Any CPU
		Release|Any CPU = Release|Any CPU
	EndGlobalSection
	GlobalSection(ProjectConfigurationPlatforms) = postSolution
		{3192E7D8-F4D4-499B-A09A-3EC6F66E8DD7}.Debug|Any CPU.ActiveCfg = Debug|Any CPU
		{3192E7D8-F4D4-499B-A09A-3EC6F66E8DD7}.Debug|Any CPU.Build.0 = Debug|Any CPU
		{3192E7D8-F4D4-499B-A09A-3EC6F66E8DD7}.Release|Any CPU.ActiveCfg = Release|Any CPU
		{3192E7D8-F4D4-499B-A09A-3EC6F66E8DD7}.Release|Any CPU.Build.0 = Release|Any CPU
	EndGlobalSection
	GlobalSection(SolutionProperties) = preSolution
		HideSolutionNode = FALSE
	EndGlobalSection
	GlobalSection(ExtensibilityGlobals) = postSolution
		SolutionGuid = {F8FA0D4C-66CD-4995-A58E-9ABF22EE8F14}
	EndGlobalSection
EndGlobal
