
Microsoft Visual Studio Solution File, Format Version 12.00
# Visual Studio Version 17
VisualStudioVersion = 17.3.32819.101
MinimumVisualStudioVersion = 10.0.40219.1
Project("{FAE04EC0-301F-11D3-BF4B-00C04F79EFBC}") = "CadastroGlicemia", "CadastroGlicemia.csproj", "{FD8BF2CD-093A-4395-B12D-08E2E9241BCC}"
EndProject
Global
	GlobalSection(SolutionConfigurationPlatforms) = preSolution
		Debug|Any CPU = Debug|Any CPU
		Release|Any CPU = Release|Any CPU
	EndGlobalSection
	GlobalSection(ProjectConfigurationPlatforms) = postSolution
		{FD8BF2CD-093A-4395-B12D-08E2E9241BCC}.Debug|Any CPU.ActiveCfg = Debug|Any CPU
		{FD8BF2CD-093A-4395-B12D-08E2E9241BCC}.Debug|Any CPU.Build.0 = Debug|Any CPU
		{FD8BF2CD-093A-4395-B12D-08E2E9241BCC}.Release|Any CPU.ActiveCfg = Release|Any CPU
		{FD8BF2CD-093A-4395-B12D-08E2E9241BCC}.Release|Any CPU.Build.0 = Release|Any CPU
	EndGlobalSection
	GlobalSection(SolutionProperties) = preSolution
		HideSolutionNode = FALSE
	EndGlobalSection
	GlobalSection(ExtensibilityGlobals) = postSolution
		SolutionGuid = {9451FE0F-0E5F-4250-8ECF-A865C20B8758}
	EndGlobalSection
EndGlobal
