
Microsoft Visual Studio Solution File, Format Version 12.00
# Visual Studio Version 17
VisualStudioVersion = 17.3.32819.101
MinimumVisualStudioVersion = 10.0.40219.1
Project("{9A19103F-16F7-4668-BE54-9A1E7A4F7556}") = "Atividade04", "Atividade04.csproj", "{653162A7-6892-42AC-9E1B-2B2BE3100979}"
EndProject
Project("{2150E333-8FDC-42A3-9474-1A3956D46DE8}") = "Itens de Solução", "Itens de Solução", "{B8516088-8507-4729-B288-2A1745466CA8}"
EndProject
Global
	GlobalSection(SolutionConfigurationPlatforms) = preSolution
		Debug|Any CPU = Debug|Any CPU
		Release|Any CPU = Release|Any CPU
	EndGlobalSection
	GlobalSection(ProjectConfigurationPlatforms) = postSolution
		{653162A7-6892-42AC-9E1B-2B2BE3100979}.Debug|Any CPU.ActiveCfg = Debug|Any CPU
		{653162A7-6892-42AC-9E1B-2B2BE3100979}.Debug|Any CPU.Build.0 = Debug|Any CPU
		{653162A7-6892-42AC-9E1B-2B2BE3100979}.Release|Any CPU.ActiveCfg = Release|Any CPU
		{653162A7-6892-42AC-9E1B-2B2BE3100979}.Release|Any CPU.Build.0 = Release|Any CPU
	EndGlobalSection
	GlobalSection(SolutionProperties) = preSolution
		HideSolutionNode = FALSE
	EndGlobalSection
	GlobalSection(ExtensibilityGlobals) = postSolution
		SolutionGuid = {A93330FE-AD3E-49B7-AACD-4FFB8929FEA5}
	EndGlobalSection
EndGlobal
