
Microsoft Visual Studio Solution File, Format Version 12.00
# Visual Studio Version 17
VisualStudioVersion = 17.3.32819.101
MinimumVisualStudioVersion = 10.0.40219.1
Project("{FAE04EC0-301F-11D3-BF4B-00C04F79EFBC}") = "amnipulandoArquivosExmplosProf", "amnipulandoArquivosExmplosProf.csproj", "{3A236740-7800-488C-A6BB-BD75D2EDDCEA}"
EndProject
Global
	GlobalSection(SolutionConfigurationPlatforms) = preSolution
		Debug|Any CPU = Debug|Any CPU
		Release|Any CPU = Release|Any CPU
	EndGlobalSection
	GlobalSection(ProjectConfigurationPlatforms) = postSolution
		{3A236740-7800-488C-A6BB-BD75D2EDDCEA}.Debug|Any CPU.ActiveCfg = Debug|Any CPU
		{3A236740-7800-488C-A6BB-BD75D2EDDCEA}.Debug|Any CPU.Build.0 = Debug|Any CPU
		{3A236740-7800-488C-A6BB-BD75D2EDDCEA}.Release|Any CPU.ActiveCfg = Release|Any CPU
		{3A236740-7800-488C-A6BB-BD75D2EDDCEA}.Release|Any CPU.Build.0 = Release|Any CPU
	EndGlobalSection
	GlobalSection(SolutionProperties) = preSolution
		HideSolutionNode = FALSE
	EndGlobalSection
	GlobalSection(ExtensibilityGlobals) = postSolution
		SolutionGuid = {4E9E7A18-1AE0-4007-8053-7E1AC1C2BD6B}
	EndGlobalSection
EndGlobal
